
Microsoft Visual Studio Solution File, Format Version 12.00
# Visual Studio Version 17
VisualStudioVersion = 17.10.34928.147
MinimumVisualStudioVersion = 10.0.40219.1
Project("{9A19103F-16F7-4668-BE54-9A1E7A4F7556}") = "Producer.IBMMQ", "Producer.IBMMQ\Producer.IBMMQ.csproj", "{30069844-AD31-4A31-93EF-76BBC8E3F6B4}"
EndProject
Project("{9A19103F-16F7-4668-BE54-9A1E7A4F7556}") = "Consumer.IBMMQ", "Consumer.IBMMQ\Consumer.IBMMQ.csproj", "{30BF334C-125A-4EC5-A872-6453F4691EF4}"
EndProject
Project("{2150E333-8FDC-42A3-9474-1A3956D46DE8}") = "1 - App", "1 - App", "{F98B422D-1AF0-41F0-8242-03AE109D0855}"
EndProject
Project("{2150E333-8FDC-42A3-9474-1A3956D46DE8}") = "2 - Core", "2 - Core", "{64A1EA7F-4528-4CCC-9A02-B685F2A452B5}"
EndProject
Project("{9A19103F-16F7-4668-BE54-9A1E7A4F7556}") = "IBMMQ.Core", "IBMMQ.Core\IBMMQ.Core.csproj", "{25867742-5174-4DBD-9E74-CEC4F33A387C}"
EndProject
Project("{2150E333-8FDC-42A3-9474-1A3956D46DE8}") = "Deployment", "Deployment", "{2AD0C8AE-CC4D-4A9D-A40D-85274B98ED1A}"
	ProjectSection(SolutionItems) = preProject
		mqserver-up.ps1 = mqserver-up.ps1
	EndProjectSection
EndProject
Project("{2150E333-8FDC-42A3-9474-1A3956D46DE8}") = "Itens de Solução", "Itens de Solução", "{17A63B6C-6ADE-44DC-B9CF-FBE4F605B525}"
	ProjectSection(SolutionItems) = preProject
		..\.gitignore = ..\.gitignore
		..\README.md = ..\README.md
	EndProjectSection
EndProject
Global
	GlobalSection(SolutionConfigurationPlatforms) = preSolution
		Debug|Any CPU = Debug|Any CPU
		Release|Any CPU = Release|Any CPU
	EndGlobalSection
	GlobalSection(ProjectConfigurationPlatforms) = postSolution
		{30069844-AD31-4A31-93EF-76BBC8E3F6B4}.Debug|Any CPU.ActiveCfg = Debug|Any CPU
		{30069844-AD31-4A31-93EF-76BBC8E3F6B4}.Debug|Any CPU.Build.0 = Debug|Any CPU
		{30069844-AD31-4A31-93EF-76BBC8E3F6B4}.Release|Any CPU.ActiveCfg = Release|Any CPU
		{30069844-AD31-4A31-93EF-76BBC8E3F6B4}.Release|Any CPU.Build.0 = Release|Any CPU
		{30BF334C-125A-4EC5-A872-6453F4691EF4}.Debug|Any CPU.ActiveCfg = Debug|Any CPU
		{30BF334C-125A-4EC5-A872-6453F4691EF4}.Debug|Any CPU.Build.0 = Debug|Any CPU
		{30BF334C-125A-4EC5-A872-6453F4691EF4}.Release|Any CPU.ActiveCfg = Release|Any CPU
		{30BF334C-125A-4EC5-A872-6453F4691EF4}.Release|Any CPU.Build.0 = Release|Any CPU
		{25867742-5174-4DBD-9E74-CEC4F33A387C}.Debug|Any CPU.ActiveCfg = Debug|Any CPU
		{25867742-5174-4DBD-9E74-CEC4F33A387C}.Debug|Any CPU.Build.0 = Debug|Any CPU
		{25867742-5174-4DBD-9E74-CEC4F33A387C}.Release|Any CPU.ActiveCfg = Release|Any CPU
		{25867742-5174-4DBD-9E74-CEC4F33A387C}.Release|Any CPU.Build.0 = Release|Any CPU
	EndGlobalSection
	GlobalSection(SolutionProperties) = preSolution
		HideSolutionNode = FALSE
	EndGlobalSection
	GlobalSection(NestedProjects) = preSolution
		{30069844-AD31-4A31-93EF-76BBC8E3F6B4} = {F98B422D-1AF0-41F0-8242-03AE109D0855}
		{30BF334C-125A-4EC5-A872-6453F4691EF4} = {F98B422D-1AF0-41F0-8242-03AE109D0855}
		{25867742-5174-4DBD-9E74-CEC4F33A387C} = {64A1EA7F-4528-4CCC-9A02-B685F2A452B5}
	EndGlobalSection
	GlobalSection(ExtensibilityGlobals) = postSolution
		SolutionGuid = {92DA9C23-0564-42EA-833E-42DB9BBF9F8C}
	EndGlobalSection
EndGlobal
